// !$*UTF8*$!
{
	archiveVersion = 1;
	classes = {
	};
	objectVersion = 56;
	objects = {

/* Begin PBXBuildFile section */
		EF41F73229DBE1B700CBF009 /* AppDelegate.swift in Sources */ = {isa = PBXBuildFile; fileRef = EF41F73129DBE1B700CBF009 /* AppDelegate.swift */; };
		EF41F73429DBE1B700CBF009 /* SceneDelegate.swift in Sources */ = {isa = PBXBuildFile; fileRef = EF41F73329DBE1B700CBF009 /* SceneDelegate.swift */; };
		EF41F73629DBE1B700CBF009 /* ViewController.swift in Sources */ = {isa = PBXBuildFile; fileRef = EF41F73529DBE1B700CBF009 /* ViewController.swift */; };
		EF41F73929DBE1B700CBF009 /* Main.storyboard in Resources */ = {isa = PBXBuildFile; fileRef = EF41F73729DBE1B700CBF009 /* Main.storyboard */; };
		EF41F73B29DBE1B900CBF009 /* Assets.xcassets in Resources */ = {isa = PBXBuildFile; fileRef = EF41F73A29DBE1B900CBF009 /* Assets.xcassets */; };
		EF41F73E29DBE1B900CBF009 /* LaunchScreen.storyboard in Resources */ = {isa = PBXBuildFile; fileRef = EF41F73C29DBE1B900CBF009 /* LaunchScreen.storyboard */; };
		EF41F74929DBE1B900CBF009 /* belajar_swiftTests.swift in Sources */ = {isa = PBXBuildFile; fileRef = EF41F74829DBE1B900CBF009 /* belajar_swiftTests.swift */; };
		EF41F75329DBE1B900CBF009 /* belajar_swiftUITests.swift in Sources */ = {isa = PBXBuildFile; fileRef = EF41F75229DBE1B900CBF009 /* belajar_swiftUITests.swift */; };
		EF41F75529DBE1B900CBF009 /* belajar_swiftUITestsLaunchTests.swift in Sources */ = {isa = PBXBuildFile; fileRef = EF41F75429DBE1B900CBF009 /* belajar_swiftUITestsLaunchTests.swift */; };
/* End PBXBuildFile section */

/* Begin PBXContainerItemProxy section */
		EF41F74529DBE1B900CBF009 /* PBXContainerItemProxy */ = {
			isa = PBXContainerItemProxy;
			containerPortal = EF41F72629DBE1B700CBF009 /* Project object */;
			proxyType = 1;
			remoteGlobalIDString = EF41F72D29DBE1B700CBF009;
			remoteInfo = belajar_swift;
		};
		EF41F74F29DBE1B900CBF009 /* PBXContainerItemProxy */ = {
			isa = PBXContainerItemProxy;
			containerPortal = EF41F72629DBE1B700CBF009 /* Project object */;
			proxyType = 1;
			remoteGlobalIDString = EF41F72D29DBE1B700CBF009;
			remoteInfo = belajar_swift;
		};
/* End PBXContainerItemProxy section */

/* Begin PBXFileReference section */
		EF41F72E29DBE1B700CBF009 /* belajar_swift.app */ = {isa = PBXFileReference; explicitFileType = wrapper.application; includeInIndex = 0; path = belajar_swift.app; sourceTree = BUILT_PRODUCTS_DIR; };
		EF41F73129DBE1B700CBF009 /* AppDelegate.swift */ = {isa = PBXFileReference; lastKnownFileType = sourcecode.swift; path = AppDelegate.swift; sourceTree = "<group>"; };
		EF41F73329DBE1B700CBF009 /* SceneDelegate.swift */ = {isa = PBXFileReference; lastKnownFileType = sourcecode.swift; path = SceneDelegate.swift; sourceTree = "<group>"; };
		EF41F73529DBE1B700CBF009 /* ViewController.swift */ = {isa = PBXFileReference; lastKnownFileType = sourcecode.swift; path = ViewController.swift; sourceTree = "<group>"; };
		EF41F73829DBE1B700CBF009 /* Base */ = {isa = PBXFileReference; lastKnownFileType = file.storyboard; name = Base; path = Base.lproj/Main.storyboard; sourceTree = "<group>"; };
		EF41F73A29DBE1B900CBF009 /* Assets.xcassets */ = {isa = PBXFileReference; lastKnownFileType = folder.assetcatalog; path = Assets.xcassets; sourceTree = "<group>"; };
		EF41F73D29DBE1B900CBF009 /* Base */ = {isa = PBXFileReference; lastKnownFileType = file.storyboard; name = Base; path = Base.lproj/LaunchScreen.storyboard; sourceTree = "<group>"; };
		EF41F73F29DBE1B900CBF009 /* Info.plist */ = {isa = PBXFileReference; lastKnownFileType = text.plist.xml; path = Info.plist; sourceTree = "<group>"; };
		EF41F74429DBE1B900CBF009 /* belajar_swiftTests.xctest */ = {isa = PBXFileReference; explicitFileType = wrapper.cfbundle; includeInIndex = 0; path = belajar_swiftTests.xctest; sourceTree = BUILT_PRODUCTS_DIR; };
		EF41F74829DBE1B900CBF009 /* belajar_swiftTests.swift */ = {isa = PBXFileReference; lastKnownFileType = sourcecode.swift; path = belajar_swiftTests.swift; sourceTree = "<group>"; };
		EF41F74E29DBE1B900CBF009 /* belajar_swiftUITests.xctest */ = {isa = PBXFileReference; explicitFileType = wrapper.cfbundle; includeInIndex = 0; path = belajar_swiftUITests.xctest; sourceTree = BUILT_PRODUCTS_DIR; };
		EF41F75229DBE1B900CBF009 /* belajar_swiftUITests.swift */ = {isa = PBXFileReference; lastKnownFileType = sourcecode.swift; path = belajar_swiftUITests.swift; sourceTree = "<group>"; };
		EF41F75429DBE1B900CBF009 /* belajar_swiftUITestsLaunchTests.swift */ = {isa = PBXFileReference; lastKnownFileType = sourcecode.swift; path = belajar_swiftUITestsLaunchTests.swift; sourceTree = "<group>"; };
/* End PBXFileReference section */

/* Begin PBXFrameworksBuildPhase section */
		EF41F72B29DBE1B700CBF009 /* Frameworks */ = {
			isa = PBXFrameworksBuildPhase;
			buildActionMask = 2147483647;
			files = (
			);
			runOnlyForDeploymentPostprocessing = 0;
		};
		EF41F74129DBE1B900CBF009 /* Frameworks */ = {
			isa = PBXFrameworksBuildPhase;
			buildActionMask = 2147483647;
			files = (
			);
			runOnlyForDeploymentPostprocessing = 0;
		};
		EF41F74B29DBE1B900CBF009 /* Frameworks */ = {
			isa = PBXFrameworksBuildPhase;
			buildActionMask = 2147483647;
			files = (
			);
			runOnlyForDeploymentPostprocessing = 0;
		};
/* End PBXFrameworksBuildPhase section */

/* Begin PBXGroup section */
		EF41F72529DBE1B700CBF009 = {
			isa = PBXGroup;
			children = (
				EF41F73029DBE1B700CBF009 /* belajar_swift */,
				EF41F74729DBE1B900CBF009 /* belajar_swiftTests */,
				EF41F75129DBE1B900CBF009 /* belajar_swiftUITests */,
				EF41F72F29DBE1B700CBF009 /* Products */,
			);
			sourceTree = "<group>";
		};
		EF41F72F29DBE1B700CBF009 /* Products */ = {
			isa = PBXGroup;
			children = (
				EF41F72E29DBE1B700CBF009 /* belajar_swift.app */,
				EF41F74429DBE1B900CBF009 /* belajar_swiftTests.xctest */,
				EF41F74E29DBE1B900CBF009 /* belajar_swiftUITests.xctest */,
			);
			name = Products;
			sourceTree = "<group>";
		};
		EF41F73029DBE1B700CBF009 /* belajar_swift */ = {
			isa = PBXGroup;
			children = (
				EF41F73129DBE1B700CBF009 /* AppDelegate.swift */,
				EF41F73329DBE1B700CBF009 /* SceneDelegate.swift */,
				EF41F73529DBE1B700CBF009 /* ViewController.swift */,
				EF41F73729DBE1B700CBF009 /* Main.storyboard */,
				EF41F73A29DBE1B900CBF009 /* Assets.xcassets */,
				EF41F73C29DBE1B900CBF009 /* LaunchScreen.storyboard */,
				EF41F73F29DBE1B900CBF009 /* Info.plist */,
			);
			path = belajar_swift;
			sourceTree = "<group>";
		};
		EF41F74729DBE1B900CBF009 /* belajar_swiftTests */ = {
			isa = PBXGroup;
			children = (
				EF41F74829DBE1B900CBF009 /* belajar_swiftTests.swift */,
			);
			path = belajar_swiftTests;
			sourceTree = "<group>";
		};
		EF41F75129DBE1B900CBF009 /* belajar_swiftUITests */ = {
			isa = PBXGroup;
			children = (
				EF41F75229DBE1B900CBF009 /* belajar_swiftUITests.swift */,
				EF41F75429DBE1B900CBF009 /* belajar_swiftUITestsLaunchTests.swift */,
			);
			path = belajar_swiftUITests;
			sourceTree = "<group>";
		};
/* End PBXGroup section */

/* Begin PBXNativeTarget section */
		EF41F72D29DBE1B700CBF009 /* belajar_swift */ = {
			isa = PBXNativeTarget;
			buildConfigurationList = EF41F75829DBE1B900CBF009 /* Build configuration list for PBXNativeTarget "belajar_swift" */;
			buildPhases = (
				EF41F72A29DBE1B700CBF009 /* Sources */,
				EF41F72B29DBE1B700CBF009 /* Frameworks */,
				EF41F72C29DBE1B700CBF009 /* Resources */,
			);
			buildRules = (
			);
			dependencies = (
			);
			name = belajar_swift;
			productName = belajar_swift;
			productReference = EF41F72E29DBE1B700CBF009 /* belajar_swift.app */;
			productType = "com.apple.product-type.application";
		};
		EF41F74329DBE1B900CBF009 /* belajar_swiftTests */ = {
			isa = PBXNativeTarget;
			buildConfigurationList = EF41F75B29DBE1B900CBF009 /* Build configuration list for PBXNativeTarget "belajar_swiftTests" */;
			buildPhases = (
				EF41F74029DBE1B900CBF009 /* Sources */,
				EF41F74129DBE1B900CBF009 /* Frameworks */,
				EF41F74229DBE1B900CBF009 /* Resources */,
			);
			buildRules = (
			);
			dependencies = (
				EF41F74629DBE1B900CBF009 /* PBXTargetDependency */,
			);
			name = belajar_swiftTests;
			productName = belajar_swiftTests;
			productReference = EF41F74429DBE1B900CBF009 /* belajar_swiftTests.xctest */;
			productType = "com.apple.product-type.bundle.unit-test";
		};
		EF41F74D29DBE1B900CBF009 /* belajar_swiftUITests */ = {
			isa = PBXNativeTarget;
			buildConfigurationList = EF41F75E29DBE1B900CBF009 /* Build configuration list for PBXNativeTarget "belajar_swiftUITests" */;
			buildPhases = (
				EF41F74A29DBE1B900CBF009 /* Sources */,
				EF41F74B29DBE1B900CBF009 /* Frameworks */,
				EF41F74C29DBE1B900CBF009 /* Resources */,
			);
			buildRules = (
			);
			dependencies = (
				EF41F75029DBE1B900CBF009 /* PBXTargetDependency */,
			);
			name = belajar_swiftUITests;
			productName = belajar_swiftUITests;
			productReference = EF41F74E29DBE1B900CBF009 /* belajar_swiftUITests.xctest */;
			productType = "com.apple.product-type.bundle.ui-testing";
		};
/* End PBXNativeTarget section */

/* Begin PBXProject section */
		EF41F72629DBE1B700CBF009 /* Project object */ = {
			isa = PBXProject;
			attributes = {
				BuildIndependentTargetsInParallel = 1;
				LastSwiftUpdateCheck = 1420;
				LastUpgradeCheck = 1420;
				TargetAttributes = {
					EF41F72D29DBE1B700CBF009 = {
						CreatedOnToolsVersion = 14.2;
					};
					EF41F74329DBE1B900CBF009 = {
						CreatedOnToolsVersion = 14.2;
						TestTargetID = EF41F72D29DBE1B700CBF009;
					};
					EF41F74D29DBE1B900CBF009 = {
						CreatedOnToolsVersion = 14.2;
						TestTargetID = EF41F72D29DBE1B700CBF009;
					};
				};
			};
			buildConfigurationList = EF41F72929DBE1B700CBF009 /* Build configuration list for PBXProject "belajar_swift" */;
			compatibilityVersion = "Xcode 14.0";
			developmentRegion = en;
			hasScannedForEncodings = 0;
			knownRegions = (
				en,
				Base,
			);
			mainGroup = EF41F72529DBE1B700CBF009;
			productRefGroup = EF41F72F29DBE1B700CBF009 /* Products */;
			projectDirPath = "";
			projectRoot = "";
			targets = (
				EF41F72D29DBE1B700CBF009 /* belajar_swift */,
				EF41F74329DBE1B900CBF009 /* belajar_swiftTests */,
				EF41F74D29DBE1B900CBF009 /* belajar_swiftUITests */,
			);
		};
/* End PBXProject section */

/* Begin PBXResourcesBuildPhase section */
		EF41F72C29DBE1B700CBF009 /* Resources */ = {
			isa = PBXResourcesBuildPhase;
			buildActionMask = 2147483647;
			files = (
				EF41F73E29DBE1B900CBF009 /* LaunchScreen.storyboard in Resources */,
				EF41F73B29DBE1B900CBF009 /* Assets.xcassets in Resources */,
				EF41F73929DBE1B700CBF009 /* Main.storyboard in Resources */,
			);
			runOnlyForDeploymentPostprocessing = 0;
		};
		EF41F74229DBE1B900CBF009 /* Resources */ = {
			isa = PBXResourcesBuildPhase;
			buildActionMask = 2147483647;
			files = (
			);
			runOnlyForDeploymentPostprocessing = 0;
		};
		EF41F74C29DBE1B900CBF009 /* Resources */ = {
			isa = PBXResourcesBuildPhase;
			buildActionMask = 2147483647;
			files = (
			);
			runOnlyForDeploymentPostprocessing = 0;
		};
/* End PBXResourcesBuildPhase section */

/* Begin PBXSourcesBuildPhase section */
		EF41F72A29DBE1B700CBF009 /* Sources */ = {
			isa = PBXSourcesBuildPhase;
			buildActionMask = 2147483647;
			files = (
				EF41F73629DBE1B700CBF009 /* ViewController.swift in Sources */,
				EF41F73229DBE1B700CBF009 /* AppDelegate.swift in Sources */,
				EF41F73429DBE1B700CBF009 /* SceneDelegate.swift in Sources */,
			);
			runOnlyForDeploymentPostprocessing = 0;
		};
		EF41F74029DBE1B900CBF009 /* Sources */ = {
			isa = PBXSourcesBuildPhase;
			buildActionMask = 2147483647;
			files = (
				EF41F74929DBE1B900CBF009 /* belajar_swiftTests.swift in Sources */,
			);
			runOnlyForDeploymentPostprocessing = 0;
		};
		EF41F74A29DBE1B900CBF009 /* Sources */ = {
			isa = PBXSourcesBuildPhase;
			buildActionMask = 2147483647;
			files = (
				EF41F75529DBE1B900CBF009 /* belajar_swiftUITestsLaunchTests.swift in Sources */,
				EF41F75329DBE1B900CBF009 /* belajar_swiftUITests.swift in Sources */,
			);
			runOnlyForDeploymentPostprocessing = 0;
		};
/* End PBXSourcesBuildPhase section */

/* Begin PBXTargetDependency section */
		EF41F74629DBE1B900CBF009 /* PBXTargetDependency */ = {
			isa = PBXTargetDependency;
			target = EF41F72D29DBE1B700CBF009 /* belajar_swift */;
			targetProxy = EF41F74529DBE1B900CBF009 /* PBXContainerItemProxy */;
		};
		EF41F75029DBE1B900CBF009 /* PBXTargetDependency */ = {
			isa = PBXTargetDependency;
			target = EF41F72D29DBE1B700CBF009 /* belajar_swift */;
			targetProxy = EF41F74F29DBE1B900CBF009 /* PBXContainerItemProxy */;
		};
/* End PBXTargetDependency section */

/* Begin PBXVariantGroup section */
		EF41F73729DBE1B700CBF009 /* Main.storyboard */ = {
			isa = PBXVariantGroup;
			children = (
				EF41F73829DBE1B700CBF009 /* Base */,
			);
			name = Main.storyboard;
			sourceTree = "<group>";
		};
		EF41F73C29DBE1B900CBF009 /* LaunchScreen.storyboard */ = {
			isa = PBXVariantGroup;
			children = (
				EF41F73D29DBE1B900CBF009 /* Base */,
			);
			name = LaunchScreen.storyboard;
			sourceTree = "<group>";
		};
/* End PBXVariantGroup section */

/* Begin XCBuildConfiguration section */
		EF41F75629DBE1B900CBF009 /* Debug */ = {
			isa = XCBuildConfiguration;
			buildSettings = {
				ALWAYS_SEARCH_USER_PATHS = NO;
				CLANG_ANALYZER_NONNULL = YES;
				CLANG_ANALYZER_NUMBER_OBJECT_CONVERSION = YES_AGGRESSIVE;
				CLANG_CXX_LANGUAGE_STANDARD = "gnu++20";
				CLANG_ENABLE_MODULES = YES;
				CLANG_ENABLE_OBJC_ARC = YES;
				CLANG_ENABLE_OBJC_WEAK = YES;
				CLANG_WARN_BLOCK_CAPTURE_AUTORELEASING = YES;
				CLANG_WARN_BOOL_CONVERSION = YES;
				CLANG_WARN_COMMA = YES;
				CLANG_WARN_CONSTANT_CONVERSION = YES;
				CLANG_WARN_DEPRECATED_OBJC_IMPLEMENTATIONS = YES;
				CLANG_WARN_DIRECT_OBJC_ISA_USAGE = YES_ERROR;
				CLANG_WARN_DOCUMENTATION_COMMENTS = YES;
				CLANG_WARN_EMPTY_BODY = YES;
				CLANG_WARN_ENUM_CONVERSION = YES;
				CLANG_WARN_INFINITE_RECURSION = YES;
				CLANG_WARN_INT_CONVERSION = YES;
				CLANG_WARN_NON_LITERAL_NULL_CONVERSION = YES;
				CLANG_WARN_OBJC_IMPLICIT_RETAIN_SELF = YES;
				CLANG_WARN_OBJC_LITERAL_CONVERSION = YES;
				CLANG_WARN_OBJC_ROOT_CLASS = YES_ERROR;
				CLANG_WARN_QUOTED_INCLUDE_IN_FRAMEWORK_HEADER = YES;
				CLANG_WARN_RANGE_LOOP_ANALYSIS = YES;
				CLANG_WARN_STRICT_PROTOTYPES = YES;
				CLANG_WARN_SUSPICIOUS_MOVE = YES;
				CLANG_WARN_UNGUARDED_AVAILABILITY = YES_AGGRESSIVE;
				CLANG_WARN_UNREACHABLE_CODE = YES;
				CLANG_WARN__DUPLICATE_METHOD_MATCH = YES;
				COPY_PHASE_STRIP = NO;
				DEBUG_INFORMATION_FORMAT = dwarf;
				ENABLE_STRICT_OBJC_MSGSEND = YES;
				ENABLE_TESTABILITY = YES;
				GCC_C_LANGUAGE_STANDARD = gnu11;
				GCC_DYNAMIC_NO_PIC = NO;
				GCC_NO_COMMON_BLOCKS = YES;
				GCC_OPTIMIZATION_LEVEL = 0;
				GCC_PREPROCESSOR_DEFINITIONS = (
					"DEBUG=1",
					"$(inherited)",
				);
				GCC_WARN_64_TO_32_BIT_CONVERSION = YES;
				GCC_WARN_ABOUT_RETURN_TYPE = YES_ERROR;
				GCC_WARN_UNDECLARED_SELECTOR = YES;
				GCC_WARN_UNINITIALIZED_AUTOS = YES_AGGRESSIVE;
				GCC_WARN_UNUSED_FUNCTION = YES;
				GCC_WARN_UNUSED_VARIABLE = YES;
				IPHONEOS_DEPLOYMENT_TARGET = 16.2;
				MTL_ENABLE_DEBUG_INFO = INCLUDE_SOURCE;
				MTL_FAST_MATH = YES;
				ONLY_ACTIVE_ARCH = YES;
				SDKROOT = iphoneos;
				SWIFT_ACTIVE_COMPILATION_CONDITIONS = DEBUG;
				SWIFT_OPTIMIZATION_LEVEL = "-Onone";
			};
			name = Debug;
		};
		EF41F75729DBE1B900CBF009 /* Release */ = {
			isa = XCBuildConfiguration;
			buildSettings = {
				ALWAYS_SEARCH_USER_PATHS = NO;
				CLANG_ANALYZER_NONNULL = YES;
				CLANG_ANALYZER_NUMBER_OBJECT_CONVERSION = YES_AGGRESSIVE;
				CLANG_CXX_LANGUAGE_STANDARD = "gnu++20";
				CLANG_ENABLE_MODULES = YES;
				CLANG_ENABLE_OBJC_ARC = YES;
				CLANG_ENABLE_OBJC_WEAK = YES;
				CLANG_WARN_BLOCK_CAPTURE_AUTORELEASING = YES;
				CLANG_WARN_BOOL_CONVERSION = YES;
				CLANG_WARN_COMMA = YES;
				CLANG_WARN_CONSTANT_CONVERSION = YES;
				CLANG_WARN_DEPRECATED_OBJC_IMPLEMENTATIONS = YES;
				CLANG_WARN_DIRECT_OBJC_ISA_USAGE = YES_ERROR;
				CLANG_WARN_DOCUMENTATION_COMMENTS = YES;
				CLANG_WARN_EMPTY_BODY = YES;
				CLANG_WARN_ENUM_CONVERSION = YES;
				CLANG_WARN_INFINITE_RECURSION = YES;
				CLANG_WARN_INT_CONVERSION = YES;
				CLANG_WARN_NON_LITERAL_NULL_CONVERSION = YES;
				CLANG_WARN_OBJC_IMPLICIT_RETAIN_SELF = YES;
				CLANG_WARN_OBJC_LITERAL_CONVERSION = YES;
				CLANG_WARN_OBJC_ROOT_CLASS = YES_ERROR;
				CLANG_WARN_QUOTED_INCLUDE_IN_FRAMEWORK_HEADER = YES;
				CLANG_WARN_RANGE_LOOP_ANALYSIS = YES;
				CLANG_WARN_STRICT_PROTOTYPES = YES;
				CLANG_WARN_SUSPICIOUS_MOVE = YES;
				CLANG_WARN_UNGUARDED_AVAILABILITY = YES_AGGRESSIVE;
				CLANG_WARN_UNREACHABLE_CODE = YES;
				CLANG_WARN__DUPLICATE_METHOD_MATCH = YES;
				COPY_PHASE_STRIP = NO;
				DEBUG_INFORMATION_FORMAT = "dwarf-with-dsym";
				ENABLE_NS_ASSERTIONS = NO;
				ENABLE_STRICT_OBJC_MSGSEND = YES;
				GCC_C_LANGUAGE_STANDARD = gnu11;
				GCC_NO_COMMON_BLOCKS = YES;
				GCC_WARN_64_TO_32_BIT_CONVERSION = YES;
				GCC_WARN_ABOUT_RETURN_TYPE = YES_ERROR;
				GCC_WARN_UNDECLARED_SELECTOR = YES;
				GCC_WARN_UNINITIALIZED_AUTOS = YES_AGGRESSIVE;
				GCC_WARN_UNUSED_FUNCTION = YES;
				GCC_WARN_UNUSED_VARIABLE = YES;
				IPHONEOS_DEPLOYMENT_TARGET = 16.2;
				MTL_ENABLE_DEBUG_INFO = NO;
				MTL_FAST_MATH = YES;
				SDKROOT = iphoneos;
				SWIFT_COMPILATION_MODE = wholemodule;
				SWIFT_OPTIMIZATION_LEVEL = "-O";
				VALIDATE_PRODUCT = YES;
			};
			name = Release;
		};
		EF41F75929DBE1B900CBF009 /* Debug */ = {
			isa = XCBuildConfiguration;
			buildSettings = {
				ASSETCATALOG_COMPILER_APPICON_NAME = AppIcon;
				ASSETCATALOG_COMPILER_GLOBAL_ACCENT_COLOR_NAME = AccentColor;
				CODE_SIGN_STYLE = Automatic;
				CURRENT_PROJECT_VERSION = 1;
				GENERATE_INFOPLIST_FILE = YES;
				INFOPLIST_FILE = belajar_swift/Info.plist;
				INFOPLIST_KEY_UIApplicationSupportsIndirectInputEvents = YES;
				INFOPLIST_KEY_UILaunchStoryboardName = LaunchScreen;
				INFOPLIST_KEY_UIMainStoryboardFile = Main;
				INFOPLIST_KEY_UISupportedInterfaceOrientations_iPad = "UIInterfaceOrientationPortrait UIInterfaceOrientationPortraitUpsideDown UIInterfaceOrientationLandscapeLeft UIInterfaceOrientationLandscapeRight";
				INFOPLIST_KEY_UISupportedInterfaceOrientations_iPhone = "UIInterfaceOrientationPortrait UIInterfaceOrientationLandscapeLeft UIInterfaceOrientationLandscapeRight";
				IPHONEOS_DEPLOYMENT_TARGET = 13.0;
				LD_RUNPATH_SEARCH_PATHS = (
					"$(inherited)",
					"@executable_path/Frameworks",
				);
				MARKETING_VERSION = 1.0;
				PRODUCT_BUNDLE_IDENTIFIER = "com.rich.belajar-swift";
				PRODUCT_NAME = "$(TARGET_NAME)";
				SUPPORTED_PLATFORMS = "iphoneos iphonesimulator";
				SUPPORTS_MACCATALYST = NO;
				SUPPORTS_MAC_DESIGNED_FOR_IPHONE_IPAD = NO;
				SWIFT_EMIT_LOC_STRINGS = YES;
				SWIFT_VERSION = 5.0;
				TARGETED_DEVICE_FAMILY = "1,2";
			};
			name = Debug;
		};
		EF41F75A29DBE1B900CBF009 /* Release */ = {
			isa = XCBuildConfiguration;
			buildSettings = {
				ASSETCATALOG_COMPILER_APPICON_NAME = AppIcon;
				ASSETCATALOG_COMPILER_GLOBAL_ACCENT_COLOR_NAME = AccentColor;
				CODE_SIGN_STYLE = Automatic;
				CURRENT_PROJECT_VERSION = 1;
				GENERATE_INFOPLIST_FILE = YES;
				INFOPLIST_FILE = belajar_swift/Info.plist;
				INFOPLIST_KEY_UIApplicationSupportsIndirectInputEvents = YES;
				INFOPLIST_KEY_UILaunchStoryboardName = LaunchScreen;
				INFOPLIST_KEY_UIMainStoryboardFile = Main;
				INFOPLIST_KEY_UISupportedInterfaceOrientations_iPad = "UIInterfaceOrientationPortrait UIInterfaceOrientationPortraitUpsideDown UIInterfaceOrientationLandscapeLeft UIInterfaceOrientationLandscapeRight";
				INFOPLIST_KEY_UISupportedInterfaceOrientations_iPhone = "UIInterfaceOrientationPortrait UIInterfaceOrientationLandscapeLeft UIInterfaceOrientationLandscapeRight";
				IPHONEOS_DEPLOYMENT_TARGET = 13.0;
				LD_RUNPATH_SEARCH_PATHS = (
					"$(inherited)",
					"@executable_path/Frameworks",
				);
				MARKETING_VERSION = 1.0;
				PRODUCT_BUNDLE_IDENTIFIER = "com.rich.belajar-swift";
				PRODUCT_NAME = "$(TARGET_NAME)";
				SUPPORTED_PLATFORMS = "iphoneos iphonesimulator";
				SUPPORTS_MACCATALYST = NO;
				SUPPORTS_MAC_DESIGNED_FOR_IPHONE_IPAD = NO;
				SWIFT_EMIT_LOC_STRINGS = YES;
				SWIFT_VERSION = 5.0;
				TARGETED_DEVICE_FAMILY = "1,2";
			};
			name = Release;
		};
		EF41F75C29DBE1B900CBF009 /* Debug */ = {
			isa = XCBuildConfiguration;
			buildSettings = {
				ALWAYS_EMBED_SWIFT_STANDARD_LIBRARIES = YES;
				BUNDLE_LOADER = "$(TEST_HOST)";
				CODE_SIGN_STYLE = Automatic;
				CURRENT_PROJECT_VERSION = 1;
				GENERATE_INFOPLIST_FILE = YES;
				IPHONEOS_DEPLOYMENT_TARGET = 16.2;
				MARKETING_VERSION = 1.0;
				PRODUCT_BUNDLE_IDENTIFIER = "com.rich.belajar-swiftTests";
				PRODUCT_NAME = "$(TARGET_NAME)";
				SWIFT_EMIT_LOC_STRINGS = NO;
				SWIFT_VERSION = 5.0;
				TARGETED_DEVICE_FAMILY = "1,2";
				TEST_HOST = "$(BUILT_PRODUCTS_DIR)/belajar_swift.app/$(BUNDLE_EXECUTABLE_FOLDER_PATH)/belajar_swift";
			};
			name = Debug;
		};
		EF41F75D29DBE1B900CBF009 /* Release */ = {
			isa = XCBuildConfiguration;
			buildSettings = {
				ALWAYS_EMBED_SWIFT_STANDARD_LIBRARIES = YES;
				BUNDLE_LOADER = "$(TEST_HOST)";
				CODE_SIGN_STYLE = Automatic;
				CURRENT_PROJECT_VERSION = 1;
				GENERATE_INFOPLIST_FILE = YES;
				IPHONEOS_DEPLOYMENT_TARGET = 16.2;
				MARKETING_VERSION = 1.0;
				PRODUCT_BUNDLE_IDENTIFIER = "com.rich.belajar-swiftTests";
				PRODUCT_NAME = "$(TARGET_NAME)";
				SWIFT_EMIT_LOC_STRINGS = NO;
				SWIFT_VERSION = 5.0;
				TARGETED_DEVICE_FAMILY = "1,2";
				TEST_HOST = "$(BUILT_PRODUCTS_DIR)/belajar_swift.app/$(BUNDLE_EXECUTABLE_FOLDER_PATH)/belajar_swift";
			};
			name = Release;
		};
		EF41F75F29DBE1B900CBF009 /* Debug */ = {
			isa = XCBuildConfiguration;
			buildSettings = {
				ALWAYS_EMBED_SWIFT_STANDARD_LIBRARIES = YES;
				CODE_SIGN_STYLE = Automatic;
				CURRENT_PROJECT_VERSION = 1;
				GENERATE_INFOPLIST_FILE = YES;
				MARKETING_VERSION = 1.0;
				PRODUCT_BUNDLE_IDENTIFIER = "com.rich.belajar-swiftUITests";
				PRODUCT_NAME = "$(TARGET_NAME)";
				SWIFT_EMIT_LOC_STRINGS = NO;
				SWIFT_VERSION = 5.0;
				TARGETED_DEVICE_FAMILY = "1,2";
				TEST_TARGET_NAME = belajar_swift;
			};
			name = Debug;
		};
		EF41F76029DBE1B900CBF009 /* Release */ = {
			isa = XCBuildConfiguration;
			buildSettings = {
				ALWAYS_EMBED_SWIFT_STANDARD_LIBRARIES = YES;
				CODE_SIGN_STYLE = Automatic;
				CURRENT_PROJECT_VERSION = 1;
				GENERATE_INFOPLIST_FILE = YES;
				MARKETING_VERSION = 1.0;
				PRODUCT_BUNDLE_IDENTIFIER = "com.rich.belajar-swiftUITests";
				PRODUCT_NAME = "$(TARGET_NAME)";
				SWIFT_EMIT_LOC_STRINGS = NO;
				SWIFT_VERSION = 5.0;
				TARGETED_DEVICE_FAMILY = "1,2";
				TEST_TARGET_NAME = belajar_swift;
			};
			name = Release;
		};
/* End XCBuildConfiguration section */

/* Begin XCConfigurationList section */
		EF41F72929DBE1B700CBF009 /* Build configuration list for PBXProject "belajar_swift" */ = {
			isa = XCConfigurationList;
			buildConfigurations = (
				EF41F75629DBE1B900CBF009 /* Debug */,
				EF41F75729DBE1B900CBF009 /* Release */,
			);
			defaultConfigurationIsVisible = 0;
			defaultConfigurationName = Release;
		};
		EF41F75829DBE1B900CBF009 /* Build configuration list for PBXNativeTarget "belajar_swift" */ = {
			isa = XCConfigurationList;
			buildConfigurations = (
				EF41F75929DBE1B900CBF009 /* Debug */,
				EF41F75A29DBE1B900CBF009 /* Release */,
			);
			defaultConfigurationIsVisible = 0;
			defaultConfigurationName = Release;
		};
		EF41F75B29DBE1B900CBF009 /* Build configuration list for PBXNativeTarget "belajar_swiftTests" */ = {
			isa = XCConfigurationList;
			buildConfigurations = (
				EF41F75C29DBE1B900CBF009 /* Debug */,
				EF41F75D29DBE1B900CBF009 /* Release */,
			);
			defaultConfigurationIsVisible = 0;
			defaultConfigurationName = Release;
		};
		EF41F75E29DBE1B900CBF009 /* Build configuration list for PBXNativeTarget "belajar_swiftUITests" */ = {
			isa = XCConfigurationList;
			buildConfigurations = (
				EF41F75F29DBE1B900CBF009 /* Debug */,
				EF41F76029DBE1B900CBF009 /* Release */,
			);
			defaultConfigurationIsVisible = 0;
			defaultConfigurationName = Release;
		};
/* End XCConfigurationList section */
	};
	rootObject = EF41F72629DBE1B700CBF009 /* Project object */;
}
